
Microsoft Visual Studio Solution File, Format Version 12.00
# Visual Studio 2013
VisualStudioVersion = 12.0.31101.0
MinimumVisualStudioVersion = 10.0.40219.1
Project("{FAE04EC0-301F-11D3-BF4B-00C04F79EFBC}") = "QueueImplementation", "QueueImplementation\QueueImplementation.csproj", "{5602C906-B940-45D9-BED2-385E468342F8}"
EndProject
Project("{FAE04EC0-301F-11D3-BF4B-00C04F79EFBC}") = "QueueImplementation.Tests", "QueueImplementation.Tests\QueueImplementation.Tests.csproj", "{617953F3-2AA8-4627-B75D-C1B76F756769}"
EndProject
Global
	GlobalSection(SolutionConfigurationPlatforms) = preSolution
		Debug|Any CPU = Debug|Any CPU
		Release|Any CPU = Release|Any CPU
	EndGlobalSection
	GlobalSection(ProjectConfigurationPlatforms) = postSolution
		{5602C906-B940-45D9-BED2-385E468342F8}.Debug|Any CPU.ActiveCfg = Debug|Any CPU
		{5602C906-B940-45D9-BED2-385E468342F8}.Debug|Any CPU.Build.0 = Debug|Any CPU
		{5602C906-B940-45D9-BED2-385E468342F8}.Release|Any CPU.ActiveCfg = Release|Any CPU
		{5602C906-B940-45D9-BED2-385E468342F8}.Release|Any CPU.Build.0 = Release|Any CPU
		{617953F3-2AA8-4627-B75D-C1B76F756769}.Debug|Any CPU.ActiveCfg = Debug|Any CPU
		{617953F3-2AA8-4627-B75D-C1B76F756769}.Debug|Any CPU.Build.0 = Debug|Any CPU
		{617953F3-2AA8-4627-B75D-C1B76F756769}.Release|Any CPU.ActiveCfg = Release|Any CPU
		{617953F3-2AA8-4627-B75D-C1B76F756769}.Release|Any CPU.Build.0 = Release|Any CPU
	EndGlobalSection
	GlobalSection(SolutionProperties) = preSolution
		HideSolutionNode = FALSE
	EndGlobalSection
EndGlobal
